
Microsoft Visual Studio Solution File, Format Version 12.00
# Visual Studio Version 17
VisualStudioVersion = 17.6.33829.357
MinimumVisualStudioVersion = 10.0.40219.1
Project("{2150E333-8FDC-42A3-9474-1A3956D46DE8}") = "src", "src", "{4514B796-BD2B-4CED-8140-3F5A63961AE5}"
EndProject
Project("{2150E333-8FDC-42A3-9474-1A3956D46DE8}") = "test", "test", "{12EE7122-1CBA-4396-8175-C7135B40912C}"
EndProject
Project("{2150E333-8FDC-42A3-9474-1A3956D46DE8}") = "GloboTicket.Core.Domin", "GloboTicket.Core.Domin", "{D8BDBD00-6BCE-4DFC-8791-AF3D0903CB26}"
EndProject
Project("{2150E333-8FDC-42A3-9474-1A3956D46DE8}") = "GloboTicket.Core.Application", "GloboTicket.Core.Application", "{EB66FC74-9D29-4874-852D-2CB60BEB1B89}"
EndProject
Project("{2150E333-8FDC-42A3-9474-1A3956D46DE8}") = "GloboTicket.Infrastructure", "GloboTicket.Infrastructure", "{558D0AD2-BDC4-48F5-96CF-0E759E584016}"
EndProject
Project("{2150E333-8FDC-42A3-9474-1A3956D46DE8}") = "GloboTicket.UI", "GloboTicket.UI", "{4EEE2583-3878-40CB-A2D9-828C6858ED51}"
EndProject
Project("{9A19103F-16F7-4668-BE54-9A1E7A4F7556}") = "GloboTicket.Core.Domain", "GloboTicket.Core.Domain\GloboTicket.Core.Domain.csproj", "{E14536DA-C745-4AA9-9868-6E3C27A7FF94}"
EndProject
Project("{9A19103F-16F7-4668-BE54-9A1E7A4F7556}") = "GloboTicket.Application", "GloboTicket.Application\GloboTicket.Application.csproj", "{BCB26FAA-6560-48BA-A3EC-DC07315A528A}"
EndProject
Project("{9A19103F-16F7-4668-BE54-9A1E7A4F7556}") = "GloboTicket.Persistance", "GloboTicket.Persistance\GloboTicket.Persistance.csproj", "{AA10788E-6AA1-4DDC-8D02-FDB56F7FF935}"
EndProject
Project("{9A19103F-16F7-4668-BE54-9A1E7A4F7556}") = "GloboTicket.Infrastructure", "GloboTicket.Infrastructure\GloboTicket.Infrastructure.csproj", "{B5E02539-26D2-487F-B851-181C8E5239A0}"
EndProject
Project("{2150E333-8FDC-42A3-9474-1A3956D46DE8}") = "GloboTicket.Api", "GloboTicket.Api", "{0C9164CE-E26C-4D90-843A-773D7FAE9A23}"
EndProject
Project("{9A19103F-16F7-4668-BE54-9A1E7A4F7556}") = "GloboTicket.Api", "GloboTicket.Api\GloboTicket.Api.csproj", "{F0E6AB23-7BB0-49D2-A749-DC52C510E0E2}"
EndProject
Project("{FAE04EC0-301F-11D3-BF4B-00C04F79EFBC}") = "GloboTicket.UI", "GloboTicket.UI\GloboTicket.UI.csproj", "{2AC3A759-3CEE-4311-9DD2-B52DCD771FA1}"
EndProject
Global
	GlobalSection(SolutionConfigurationPlatforms) = preSolution
		Debug|Any CPU = Debug|Any CPU
		Release|Any CPU = Release|Any CPU
	EndGlobalSection
	GlobalSection(ProjectConfigurationPlatforms) = postSolution
		{E14536DA-C745-4AA9-9868-6E3C27A7FF94}.Debug|Any CPU.ActiveCfg = Debug|Any CPU
		{E14536DA-C745-4AA9-9868-6E3C27A7FF94}.Debug|Any CPU.Build.0 = Debug|Any CPU
		{E14536DA-C745-4AA9-9868-6E3C27A7FF94}.Release|Any CPU.ActiveCfg = Release|Any CPU
		{E14536DA-C745-4AA9-9868-6E3C27A7FF94}.Release|Any CPU.Build.0 = Release|Any CPU
		{BCB26FAA-6560-48BA-A3EC-DC07315A528A}.Debug|Any CPU.ActiveCfg = Debug|Any CPU
		{BCB26FAA-6560-48BA-A3EC-DC07315A528A}.Debug|Any CPU.Build.0 = Debug|Any CPU
		{BCB26FAA-6560-48BA-A3EC-DC07315A528A}.Release|Any CPU.ActiveCfg = Release|Any CPU
		{BCB26FAA-6560-48BA-A3EC-DC07315A528A}.Release|Any CPU.Build.0 = Release|Any CPU
		{AA10788E-6AA1-4DDC-8D02-FDB56F7FF935}.Debug|Any CPU.ActiveCfg = Debug|Any CPU
		{AA10788E-6AA1-4DDC-8D02-FDB56F7FF935}.Debug|Any CPU.Build.0 = Debug|Any CPU
		{AA10788E-6AA1-4DDC-8D02-FDB56F7FF935}.Release|Any CPU.ActiveCfg = Release|Any CPU
		{AA10788E-6AA1-4DDC-8D02-FDB56F7FF935}.Release|Any CPU.Build.0 = Release|Any CPU
		{B5E02539-26D2-487F-B851-181C8E5239A0}.Debug|Any CPU.ActiveCfg = Debug|Any CPU
		{B5E02539-26D2-487F-B851-181C8E5239A0}.Debug|Any CPU.Build.0 = Debug|Any CPU
		{B5E02539-26D2-487F-B851-181C8E5239A0}.Release|Any CPU.ActiveCfg = Release|Any CPU
		{B5E02539-26D2-487F-B851-181C8E5239A0}.Release|Any CPU.Build.0 = Release|Any CPU
		{F0E6AB23-7BB0-49D2-A749-DC52C510E0E2}.Debug|Any CPU.ActiveCfg = Debug|Any CPU
		{F0E6AB23-7BB0-49D2-A749-DC52C510E0E2}.Debug|Any CPU.Build.0 = Debug|Any CPU
		{F0E6AB23-7BB0-49D2-A749-DC52C510E0E2}.Release|Any CPU.ActiveCfg = Release|Any CPU
		{F0E6AB23-7BB0-49D2-A749-DC52C510E0E2}.Release|Any CPU.Build.0 = Release|Any CPU
		{2AC3A759-3CEE-4311-9DD2-B52DCD771FA1}.Debug|Any CPU.ActiveCfg = Debug|Any CPU
		{2AC3A759-3CEE-4311-9DD2-B52DCD771FA1}.Debug|Any CPU.Build.0 = Debug|Any CPU
		{2AC3A759-3CEE-4311-9DD2-B52DCD771FA1}.Release|Any CPU.ActiveCfg = Release|Any CPU
		{2AC3A759-3CEE-4311-9DD2-B52DCD771FA1}.Release|Any CPU.Build.0 = Release|Any CPU
	EndGlobalSection
	GlobalSection(SolutionProperties) = preSolution
		HideSolutionNode = FALSE
	EndGlobalSection
	GlobalSection(NestedProjects) = preSolution
		{D8BDBD00-6BCE-4DFC-8791-AF3D0903CB26} = {4514B796-BD2B-4CED-8140-3F5A63961AE5}
		{EB66FC74-9D29-4874-852D-2CB60BEB1B89} = {4514B796-BD2B-4CED-8140-3F5A63961AE5}
		{558D0AD2-BDC4-48F5-96CF-0E759E584016} = {4514B796-BD2B-4CED-8140-3F5A63961AE5}
		{4EEE2583-3878-40CB-A2D9-828C6858ED51} = {4514B796-BD2B-4CED-8140-3F5A63961AE5}
		{E14536DA-C745-4AA9-9868-6E3C27A7FF94} = {D8BDBD00-6BCE-4DFC-8791-AF3D0903CB26}
		{BCB26FAA-6560-48BA-A3EC-DC07315A528A} = {EB66FC74-9D29-4874-852D-2CB60BEB1B89}
		{AA10788E-6AA1-4DDC-8D02-FDB56F7FF935} = {558D0AD2-BDC4-48F5-96CF-0E759E584016}
		{B5E02539-26D2-487F-B851-181C8E5239A0} = {558D0AD2-BDC4-48F5-96CF-0E759E584016}
		{0C9164CE-E26C-4D90-843A-773D7FAE9A23} = {4514B796-BD2B-4CED-8140-3F5A63961AE5}
		{F0E6AB23-7BB0-49D2-A749-DC52C510E0E2} = {0C9164CE-E26C-4D90-843A-773D7FAE9A23}
		{2AC3A759-3CEE-4311-9DD2-B52DCD771FA1} = {4EEE2583-3878-40CB-A2D9-828C6858ED51}
	EndGlobalSection
	GlobalSection(ExtensibilityGlobals) = postSolution
		SolutionGuid = {2C499F8B-8424-4225-AFD3-9281E3883036}
	EndGlobalSection
EndGlobal
